
Microsoft Visual Studio Solution File, Format Version 12.00
# Visual Studio Version 16
VisualStudioVersion = 16.0.30002.166
MinimumVisualStudioVersion = 10.0.40219.1
Project("{888888A0-9F3D-457C-B088-3A5042F75D52}") = "ENCLOSURE DESIGN APP", "ENCLOSURE DESIGN APP\ENCLOSURE DESIGN APP.pyproj", "{1E62C6B2-7618-49B8-990D-0896CD1CD434}"
EndProject
Global
	GlobalSection(SolutionConfigurationPlatforms) = preSolution
		Debug|Any CPU = Debug|Any CPU
		Release|Any CPU = Release|Any CPU
	EndGlobalSection
	GlobalSection(ProjectConfigurationPlatforms) = postSolution
		{1E62C6B2-7618-49B8-990D-0896CD1CD434}.Debug|Any CPU.ActiveCfg = Debug|Any CPU
		{1E62C6B2-7618-49B8-990D-0896CD1CD434}.Release|Any CPU.ActiveCfg = Release|Any CPU
	EndGlobalSection
	GlobalSection(SolutionProperties) = preSolution
		HideSolutionNode = FALSE
	EndGlobalSection
	GlobalSection(ExtensibilityGlobals) = postSolution
		SolutionGuid = {96EBD255-054E-4CC0-97EB-F1D3766BD7ED}
	EndGlobalSection
EndGlobal
